// !$*UTF8*$!
{
	archiveVersion = 1;
	classes = {
	};
	objectVersion = 56;
	objects = {

/* Begin PBXBuildFile section */
		3A78F8BF29CC0CED00C02C43 /* AppDelegate.swift in Sources */ = {isa = PBXBuildFile; fileRef = 3A78F8BE29CC0CED00C02C43 /* AppDelegate.swift */; };
		3A78F8C129CC0CED00C02C43 /* SceneDelegate.swift in Sources */ = {isa = PBXBuildFile; fileRef = 3A78F8C029CC0CED00C02C43 /* SceneDelegate.swift */; };
		3A78F8C329CC0CED00C02C43 /* ViewController.swift in Sources */ = {isa = PBXBuildFile; fileRef = 3A78F8C229CC0CED00C02C43 /* ViewController.swift */; };
		3A78F8C629CC0CED00C02C43 /* Main.storyboard in Resources */ = {isa = PBXBuildFile; fileRef = 3A78F8C429CC0CED00C02C43 /* Main.storyboard */; };
		3A78F8C829CC0CEF00C02C43 /* Assets.xcassets in Resources */ = {isa = PBXBuildFile; fileRef = 3A78F8C729CC0CEF00C02C43 /* Assets.xcassets */; };
		3A78F8CB29CC0CEF00C02C43 /* LaunchScreen.storyboard in Resources */ = {isa = PBXBuildFile; fileRef = 3A78F8C929CC0CEF00C02C43 /* LaunchScreen.storyboard */; };
		BD09DAD38E64EE53E84F06BF /* Pods_ProjectPizzaClosureTwo.framework in Frameworks */ = {isa = PBXBuildFile; fileRef = E8F3D73916009924C9474FB7 /* Pods_ProjectPizzaClosureTwo.framework */; };
/* End PBXBuildFile section */

/* Begin PBXFileReference section */
		3A78F8BB29CC0CED00C02C43 /* ProjectPizzaClosureTwo.app */ = {isa = PBXFileReference; explicitFileType = wrapper.application; includeInIndex = 0; path = ProjectPizzaClosureTwo.app; sourceTree = BUILT_PRODUCTS_DIR; };
		3A78F8BE29CC0CED00C02C43 /* AppDelegate.swift */ = {isa = PBXFileReference; lastKnownFileType = sourcecode.swift; path = AppDelegate.swift; sourceTree = "<group>"; };
		3A78F8C029CC0CED00C02C43 /* SceneDelegate.swift */ = {isa = PBXFileReference; lastKnownFileType = sourcecode.swift; path = SceneDelegate.swift; sourceTree = "<group>"; };
		3A78F8C229CC0CED00C02C43 /* ViewController.swift */ = {isa = PBXFileReference; lastKnownFileType = sourcecode.swift; path = ViewController.swift; sourceTree = "<group>"; };
		3A78F8C529CC0CED00C02C43 /* Base */ = {isa = PBXFileReference; lastKnownFileType = file.storyboard; name = Base; path = Base.lproj/Main.storyboard; sourceTree = "<group>"; };
		3A78F8C729CC0CEF00C02C43 /* Assets.xcassets */ = {isa = PBXFileReference; lastKnownFileType = folder.assetcatalog; path = Assets.xcassets; sourceTree = "<group>"; };
		3A78F8CA29CC0CEF00C02C43 /* Base */ = {isa = PBXFileReference; lastKnownFileType = file.storyboard; name = Base; path = Base.lproj/LaunchScreen.storyboard; sourceTree = "<group>"; };
		3A78F8CC29CC0CEF00C02C43 /* Info.plist */ = {isa = PBXFileReference; lastKnownFileType = text.plist.xml; path = Info.plist; sourceTree = "<group>"; };
		585742395F48B07B5E74263A /* Pods-ProjectPizzaClosureTwo.release.xcconfig */ = {isa = PBXFileReference; includeInIndex = 1; lastKnownFileType = text.xcconfig; name = "Pods-ProjectPizzaClosureTwo.release.xcconfig"; path = "Target Support Files/Pods-ProjectPizzaClosureTwo/Pods-ProjectPizzaClosureTwo.release.xcconfig"; sourceTree = "<group>"; };
		69AA49C0E1BC9B464B88868A /* Pods-ProjectPizzaClosureTwo.debug.xcconfig */ = {isa = PBXFileReference; includeInIndex = 1; lastKnownFileType = text.xcconfig; name = "Pods-ProjectPizzaClosureTwo.debug.xcconfig"; path = "Target Support Files/Pods-ProjectPizzaClosureTwo/Pods-ProjectPizzaClosureTwo.debug.xcconfig"; sourceTree = "<group>"; };
		E8F3D73916009924C9474FB7 /* Pods_ProjectPizzaClosureTwo.framework */ = {isa = PBXFileReference; explicitFileType = wrapper.framework; includeInIndex = 0; path = Pods_ProjectPizzaClosureTwo.framework; sourceTree = BUILT_PRODUCTS_DIR; };
/* End PBXFileReference section */

/* Begin PBXFrameworksBuildPhase section */
		3A78F8B829CC0CED00C02C43 /* Frameworks */ = {
			isa = PBXFrameworksBuildPhase;
			buildActionMask = 2147483647;
			files = (
				BD09DAD38E64EE53E84F06BF /* Pods_ProjectPizzaClosureTwo.framework in Frameworks */,
			);
			runOnlyForDeploymentPostprocessing = 0;
		};
/* End PBXFrameworksBuildPhase section */

/* Begin PBXGroup section */
		3A78F8B229CC0CED00C02C43 = {
			isa = PBXGroup;
			children = (
				3A78F8BD29CC0CED00C02C43 /* ProjectPizzaClosureTwo */,
				3A78F8BC29CC0CED00C02C43 /* Products */,
				BBE533A6D6AEB1D42A08B79C /* Pods */,
				D5E83515104C2A681BDAB626 /* Frameworks */,
			);
			sourceTree = "<group>";
		};
		3A78F8BC29CC0CED00C02C43 /* Products */ = {
			isa = PBXGroup;
			children = (
				3A78F8BB29CC0CED00C02C43 /* ProjectPizzaClosureTwo.app */,
			);
			name = Products;
			sourceTree = "<group>";
		};
		3A78F8BD29CC0CED00C02C43 /* ProjectPizzaClosureTwo */ = {
			isa = PBXGroup;
			children = (
				3A78F8BE29CC0CED00C02C43 /* AppDelegate.swift */,
				3A78F8C029CC0CED00C02C43 /* SceneDelegate.swift */,
				3A78F8C229CC0CED00C02C43 /* ViewController.swift */,
				3A78F8C429CC0CED00C02C43 /* Main.storyboard */,
				3A78F8C729CC0CEF00C02C43 /* Assets.xcassets */,
				3A78F8C929CC0CEF00C02C43 /* LaunchScreen.storyboard */,
				3A78F8CC29CC0CEF00C02C43 /* Info.plist */,
			);
			path = ProjectPizzaClosureTwo;
			sourceTree = "<group>";
		};
		BBE533A6D6AEB1D42A08B79C /* Pods */ = {
			isa = PBXGroup;
			children = (
				69AA49C0E1BC9B464B88868A /* Pods-ProjectPizzaClosureTwo.debug.xcconfig */,
				585742395F48B07B5E74263A /* Pods-ProjectPizzaClosureTwo.release.xcconfig */,
			);
			name = Pods;
			path = Pods;
			sourceTree = "<group>";
		};
		D5E83515104C2A681BDAB626 /* Frameworks */ = {
			isa = PBXGroup;
			children = (
				E8F3D73916009924C9474FB7 /* Pods_ProjectPizzaClosureTwo.framework */,
			);
			name = Frameworks;
			sourceTree = "<group>";
		};
/* End PBXGroup section */

/* Begin PBXNativeTarget section */
		3A78F8BA29CC0CED00C02C43 /* ProjectPizzaClosureTwo */ = {
			isa = PBXNativeTarget;
			buildConfigurationList = 3A78F8CF29CC0CEF00C02C43 /* Build configuration list for PBXNativeTarget "ProjectPizzaClosureTwo" */;
			buildPhases = (
				E8843976F8F68F54D5A852A5 /* [CP] Check Pods Manifest.lock */,
				3A78F8B729CC0CED00C02C43 /* Sources */,
				3A78F8B829CC0CED00C02C43 /* Frameworks */,
				3A78F8B929CC0CED00C02C43 /* Resources */,
				1D6160E28B41EFB03A5756F5 /* [CP] Embed Pods Frameworks */,
			);
			buildRules = (
			);
			dependencies = (
			);
			name = ProjectPizzaClosureTwo;
			productName = ProjectPizzaClosureTwo;
			productReference = 3A78F8BB29CC0CED00C02C43 /* ProjectPizzaClosureTwo.app */;
			productType = "com.apple.product-type.application";
		};
/* End PBXNativeTarget section */

/* Begin PBXProject section */
		3A78F8B329CC0CED00C02C43 /* Project object */ = {
			isa = PBXProject;
			attributes = {
				BuildIndependentTargetsInParallel = 1;
				LastSwiftUpdateCheck = 1410;
				LastUpgradeCheck = 1410;
				TargetAttributes = {
					3A78F8BA29CC0CED00C02C43 = {
						CreatedOnToolsVersion = 14.1;
					};
				};
			};
			buildConfigurationList = 3A78F8B629CC0CED00C02C43 /* Build configuration list for PBXProject "ProjectPizzaClosureTwo" */;
			compatibilityVersion = "Xcode 14.0";
			developmentRegion = en;
			hasScannedForEncodings = 0;
			knownRegions = (
				en,
				Base,
			);
			mainGroup = 3A78F8B229CC0CED00C02C43;
			productRefGroup = 3A78F8BC29CC0CED00C02C43 /* Products */;
			projectDirPath = "";
			projectRoot = "";
			targets = (
				3A78F8BA29CC0CED00C02C43 /* ProjectPizzaClosureTwo */,
			);
		};
/* End PBXProject section */

/* Begin PBXResourcesBuildPhase section */
		3A78F8B929CC0CED00C02C43 /* Resources */ = {
			isa = PBXResourcesBuildPhase;
			buildActionMask = 2147483647;
			files = (
				3A78F8CB29CC0CEF00C02C43 /* LaunchScreen.storyboard in Resources */,
				3A78F8C829CC0CEF00C02C43 /* Assets.xcassets in Resources */,
				3A78F8C629CC0CED00C02C43 /* Main.storyboard in Resources */,
			);
			runOnlyForDeploymentPostprocessing = 0;
		};
/* End PBXResourcesBuildPhase section */

/* Begin PBXShellScriptBuildPhase section */
		1D6160E28B41EFB03A5756F5 /* [CP] Embed Pods Frameworks */ = {
			isa = PBXShellScriptBuildPhase;
			buildActionMask = 2147483647;
			files = (
			);
			inputFileListPaths = (
				"${PODS_ROOT}/Target Support Files/Pods-ProjectPizzaClosureTwo/Pods-ProjectPizzaClosureTwo-frameworks-${CONFIGURATION}-input-files.xcfilelist",
			);
			name = "[CP] Embed Pods Frameworks";
			outputFileListPaths = (
				"${PODS_ROOT}/Target Support Files/Pods-ProjectPizzaClosureTwo/Pods-ProjectPizzaClosureTwo-frameworks-${CONFIGURATION}-output-files.xcfilelist",
			);
			runOnlyForDeploymentPostprocessing = 0;
			shellPath = /bin/sh;
			shellScript = "\"${PODS_ROOT}/Target Support Files/Pods-ProjectPizzaClosureTwo/Pods-ProjectPizzaClosureTwo-frameworks.sh\"\n";
			showEnvVarsInLog = 0;
		};
		E8843976F8F68F54D5A852A5 /* [CP] Check Pods Manifest.lock */ = {
			isa = PBXShellScriptBuildPhase;
			buildActionMask = 2147483647;
			files = (
			);
			inputFileListPaths = (
			);
			inputPaths = (
				"${PODS_PODFILE_DIR_PATH}/Podfile.lock",
				"${PODS_ROOT}/Manifest.lock",
			);
			name = "[CP] Check Pods Manifest.lock";
			outputFileListPaths = (
			);
			outputPaths = (
				"$(DERIVED_FILE_DIR)/Pods-ProjectPizzaClosureTwo-checkManifestLockResult.txt",
			);
			runOnlyForDeploymentPostprocessing = 0;
			shellPath = /bin/sh;
			shellScript = "diff \"${PODS_PODFILE_DIR_PATH}/Podfile.lock\" \"${PODS_ROOT}/Manifest.lock\" > /dev/null\nif [ $? != 0 ] ; then\n    # print error to STDERR\n    echo \"error: The sandbox is not in sync with the Podfile.lock. Run 'pod install' or update your CocoaPods installation.\" >&2\n    exit 1\nfi\n# This output is used by Xcode 'outputs' to avoid re-running this script phase.\necho \"SUCCESS\" > \"${SCRIPT_OUTPUT_FILE_0}\"\n";
			showEnvVarsInLog = 0;
		};
/* End PBXShellScriptBuildPhase section */

/* Begin PBXSourcesBuildPhase section */
		3A78F8B729CC0CED00C02C43 /* Sources */ = {
			isa = PBXSourcesBuildPhase;
			buildActionMask = 2147483647;
			files = (
				3A78F8C329CC0CED00C02C43 /* ViewController.swift in Sources */,
				3A78F8BF29CC0CED00C02C43 /* AppDelegate.swift in Sources */,
				3A78F8C129CC0CED00C02C43 /* SceneDelegate.swift in Sources */,
			);
			runOnlyForDeploymentPostprocessing = 0;
		};
/* End PBXSourcesBuildPhase section */

/* Begin PBXVariantGroup section */
		3A78F8C429CC0CED00C02C43 /* Main.storyboard */ = {
			isa = PBXVariantGroup;
			children = (
				3A78F8C529CC0CED00C02C43 /* Base */,
			);
			name = Main.storyboard;
			sourceTree = "<group>";
		};
		3A78F8C929CC0CEF00C02C43 /* LaunchScreen.storyboard */ = {
			isa = PBXVariantGroup;
			children = (
				3A78F8CA29CC0CEF00C02C43 /* Base */,
			);
			name = LaunchScreen.storyboard;
			sourceTree = "<group>";
		};
/* End PBXVariantGroup section */

/* Begin XCBuildConfiguration section */
		3A78F8CD29CC0CEF00C02C43 /* Debug */ = {
			isa = XCBuildConfiguration;
			buildSettings = {
				ALWAYS_SEARCH_USER_PATHS = NO;
				CLANG_ANALYZER_NONNULL = YES;
				CLANG_ANALYZER_NUMBER_OBJECT_CONVERSION = YES_AGGRESSIVE;
				CLANG_CXX_LANGUAGE_STANDARD = "gnu++20";
				CLANG_ENABLE_MODULES = YES;
				CLANG_ENABLE_OBJC_ARC = YES;
				CLANG_ENABLE_OBJC_WEAK = YES;
				CLANG_WARN_BLOCK_CAPTURE_AUTORELEASING = YES;
				CLANG_WARN_BOOL_CONVERSION = YES;
				CLANG_WARN_COMMA = YES;
				CLANG_WARN_CONSTANT_CONVERSION = YES;
				CLANG_WARN_DEPRECATED_OBJC_IMPLEMENTATIONS = YES;
				CLANG_WARN_DIRECT_OBJC_ISA_USAGE = YES_ERROR;
				CLANG_WARN_DOCUMENTATION_COMMENTS = YES;
				CLANG_WARN_EMPTY_BODY = YES;
				CLANG_WARN_ENUM_CONVERSION = YES;
				CLANG_WARN_INFINITE_RECURSION = YES;
				CLANG_WARN_INT_CONVERSION = YES;
				CLANG_WARN_NON_LITERAL_NULL_CONVERSION = YES;
				CLANG_WARN_OBJC_IMPLICIT_RETAIN_SELF = YES;
				CLANG_WARN_OBJC_LITERAL_CONVERSION = YES;
				CLANG_WARN_OBJC_ROOT_CLASS = YES_ERROR;
				CLANG_WARN_QUOTED_INCLUDE_IN_FRAMEWORK_HEADER = YES;
				CLANG_WARN_RANGE_LOOP_ANALYSIS = YES;
				CLANG_WARN_STRICT_PROTOTYPES = YES;
				CLANG_WARN_SUSPICIOUS_MOVE = YES;
				CLANG_WARN_UNGUARDED_AVAILABILITY = YES_AGGRESSIVE;
				CLANG_WARN_UNREACHABLE_CODE = YES;
				CLANG_WARN__DUPLICATE_METHOD_MATCH = YES;
				COPY_PHASE_STRIP = NO;
				DEBUG_INFORMATION_FORMAT = dwarf;
				ENABLE_STRICT_OBJC_MSGSEND = YES;
				ENABLE_TESTABILITY = YES;
				GCC_C_LANGUAGE_STANDARD = gnu11;
				GCC_DYNAMIC_NO_PIC = NO;
				GCC_NO_COMMON_BLOCKS = YES;
				GCC_OPTIMIZATION_LEVEL = 0;
				GCC_PREPROCESSOR_DEFINITIONS = (
					"DEBUG=1",
					"$(inherited)",
				);
				GCC_WARN_64_TO_32_BIT_CONVERSION = YES;
				GCC_WARN_ABOUT_RETURN_TYPE = YES_ERROR;
				GCC_WARN_UNDECLARED_SELECTOR = YES;
				GCC_WARN_UNINITIALIZED_AUTOS = YES_AGGRESSIVE;
				GCC_WARN_UNUSED_FUNCTION = YES;
				GCC_WARN_UNUSED_VARIABLE = YES;
				IPHONEOS_DEPLOYMENT_TARGET = 16.1;
				MTL_ENABLE_DEBUG_INFO = INCLUDE_SOURCE;
				MTL_FAST_MATH = YES;
				ONLY_ACTIVE_ARCH = YES;
				SDKROOT = iphoneos;
				SWIFT_ACTIVE_COMPILATION_CONDITIONS = DEBUG;
				SWIFT_OPTIMIZATION_LEVEL = "-Onone";
			};
			name = Debug;
		};
		3A78F8CE29CC0CEF00C02C43 /* Release */ = {
			isa = XCBuildConfiguration;
			buildSettings = {
				ALWAYS_SEARCH_USER_PATHS = NO;
				CLANG_ANALYZER_NONNULL = YES;
				CLANG_ANALYZER_NUMBER_OBJECT_CONVERSION = YES_AGGRESSIVE;
				CLANG_CXX_LANGUAGE_STANDARD = "gnu++20";
				CLANG_ENABLE_MODULES = YES;
				CLANG_ENABLE_OBJC_ARC = YES;
				CLANG_ENABLE_OBJC_WEAK = YES;
				CLANG_WARN_BLOCK_CAPTURE_AUTORELEASING = YES;
				CLANG_WARN_BOOL_CONVERSION = YES;
				CLANG_WARN_COMMA = YES;
				CLANG_WARN_CONSTANT_CONVERSION = YES;
				CLANG_WARN_DEPRECATED_OBJC_IMPLEMENTATIONS = YES;
				CLANG_WARN_DIRECT_OBJC_ISA_USAGE = YES_ERROR;
				CLANG_WARN_DOCUMENTATION_COMMENTS = YES;
				CLANG_WARN_EMPTY_BODY = YES;
				CLANG_WARN_ENUM_CONVERSION = YES;
				CLANG_WARN_INFINITE_RECURSION = YES;
				CLANG_WARN_INT_CONVERSION = YES;
				CLANG_WARN_NON_LITERAL_NULL_CONVERSION = YES;
				CLANG_WARN_OBJC_IMPLICIT_RETAIN_SELF = YES;
				CLANG_WARN_OBJC_LITERAL_CONVERSION = YES;
				CLANG_WARN_OBJC_ROOT_CLASS = YES_ERROR;
				CLANG_WARN_QUOTED_INCLUDE_IN_FRAMEWORK_HEADER = YES;
				CLANG_WARN_RANGE_LOOP_ANALYSIS = YES;
				CLANG_WARN_STRICT_PROTOTYPES = YES;
				CLANG_WARN_SUSPICIOUS_MOVE = YES;
				CLANG_WARN_UNGUARDED_AVAILABILITY = YES_AGGRESSIVE;
				CLANG_WARN_UNREACHABLE_CODE = YES;
				CLANG_WARN__DUPLICATE_METHOD_MATCH = YES;
				COPY_PHASE_STRIP = NO;
				DEBUG_INFORMATION_FORMAT = "dwarf-with-dsym";
				ENABLE_NS_ASSERTIONS = NO;
				ENABLE_STRICT_OBJC_MSGSEND = YES;
				GCC_C_LANGUAGE_STANDARD = gnu11;
				GCC_NO_COMMON_BLOCKS = YES;
				GCC_WARN_64_TO_32_BIT_CONVERSION = YES;
				GCC_WARN_ABOUT_RETURN_TYPE = YES_ERROR;
				GCC_WARN_UNDECLARED_SELECTOR = YES;
				GCC_WARN_UNINITIALIZED_AUTOS = YES_AGGRESSIVE;
				GCC_WARN_UNUSED_FUNCTION = YES;
				GCC_WARN_UNUSED_VARIABLE = YES;
				IPHONEOS_DEPLOYMENT_TARGET = 16.1;
				MTL_ENABLE_DEBUG_INFO = NO;
				MTL_FAST_MATH = YES;
				SDKROOT = iphoneos;
				SWIFT_COMPILATION_MODE = wholemodule;
				SWIFT_OPTIMIZATION_LEVEL = "-O";
				VALIDATE_PRODUCT = YES;
			};
			name = Release;
		};
		3A78F8D029CC0CEF00C02C43 /* Debug */ = {
			isa = XCBuildConfiguration;
			baseConfigurationReference = 69AA49C0E1BC9B464B88868A /* Pods-ProjectPizzaClosureTwo.debug.xcconfig */;
			buildSettings = {
				ASSETCATALOG_COMPILER_APPICON_NAME = AppIcon;
				ASSETCATALOG_COMPILER_GLOBAL_ACCENT_COLOR_NAME = AccentColor;
				CODE_SIGN_STYLE = Automatic;
				CURRENT_PROJECT_VERSION = 1;
				GENERATE_INFOPLIST_FILE = YES;
				INFOPLIST_FILE = ProjectPizzaClosureTwo/Info.plist;
				INFOPLIST_KEY_UIApplicationSupportsIndirectInputEvents = YES;
				INFOPLIST_KEY_UILaunchStoryboardName = LaunchScreen;
				INFOPLIST_KEY_UIMainStoryboardFile = Main;
				INFOPLIST_KEY_UISupportedInterfaceOrientations_iPad = "UIInterfaceOrientationPortrait UIInterfaceOrientationPortraitUpsideDown UIInterfaceOrientationLandscapeLeft UIInterfaceOrientationLandscapeRight";
				INFOPLIST_KEY_UISupportedInterfaceOrientations_iPhone = "UIInterfaceOrientationPortrait UIInterfaceOrientationLandscapeLeft UIInterfaceOrientationLandscapeRight";
				LD_RUNPATH_SEARCH_PATHS = (
					"$(inherited)",
					"@executable_path/Frameworks",
				);
				MARKETING_VERSION = 1.0;
				PRODUCT_BUNDLE_IDENTIFIER = com.miriansantana.ProjectPizzaClosureTwo;
				PRODUCT_NAME = "$(TARGET_NAME)";
				SWIFT_EMIT_LOC_STRINGS = YES;
				SWIFT_VERSION = 5.0;
				TARGETED_DEVICE_FAMILY = "1,2";
			};
			name = Debug;
		};
		3A78F8D129CC0CEF00C02C43 /* Release */ = {
			isa = XCBuildConfiguration;
			baseConfigurationReference = 585742395F48B07B5E74263A /* Pods-ProjectPizzaClosureTwo.release.xcconfig */;
			buildSettings = {
				ASSETCATALOG_COMPILER_APPICON_NAME = AppIcon;
				ASSETCATALOG_COMPILER_GLOBAL_ACCENT_COLOR_NAME = AccentColor;
				CODE_SIGN_STYLE = Automatic;
				CURRENT_PROJECT_VERSION = 1;
				GENERATE_INFOPLIST_FILE = YES;
				INFOPLIST_FILE = ProjectPizzaClosureTwo/Info.plist;
				INFOPLIST_KEY_UIApplicationSupportsIndirectInputEvents = YES;
				INFOPLIST_KEY_UILaunchStoryboardName = LaunchScreen;
				INFOPLIST_KEY_UIMainStoryboardFile = Main;
				INFOPLIST_KEY_UISupportedInterfaceOrientations_iPad = "UIInterfaceOrientationPortrait UIInterfaceOrientationPortraitUpsideDown UIInterfaceOrientationLandscapeLeft UIInterfaceOrientationLandscapeRight";
				INFOPLIST_KEY_UISupportedInterfaceOrientations_iPhone = "UIInterfaceOrientationPortrait UIInterfaceOrientationLandscapeLeft UIInterfaceOrientationLandscapeRight";
				LD_RUNPATH_SEARCH_PATHS = (
					"$(inherited)",
					"@executable_path/Frameworks",
				);
				MARKETING_VERSION = 1.0;
				PRODUCT_BUNDLE_IDENTIFIER = com.miriansantana.ProjectPizzaClosureTwo;
				PRODUCT_NAME = "$(TARGET_NAME)";
				SWIFT_EMIT_LOC_STRINGS = YES;
				SWIFT_VERSION = 5.0;
				TARGETED_DEVICE_FAMILY = "1,2";
			};
			name = Release;
		};
/* End XCBuildConfiguration section */

/* Begin XCConfigurationList section */
		3A78F8B629CC0CED00C02C43 /* Build configuration list for PBXProject "ProjectPizzaClosureTwo" */ = {
			isa = XCConfigurationList;
			buildConfigurations = (
				3A78F8CD29CC0CEF00C02C43 /* Debug */,
				3A78F8CE29CC0CEF00C02C43 /* Release */,
			);
			defaultConfigurationIsVisible = 0;
			defaultConfigurationName = Release;
		};
		3A78F8CF29CC0CEF00C02C43 /* Build configuration list for PBXNativeTarget "ProjectPizzaClosureTwo" */ = {
			isa = XCConfigurationList;
			buildConfigurations = (
				3A78F8D029CC0CEF00C02C43 /* Debug */,
				3A78F8D129CC0CEF00C02C43 /* Release */,
			);
			defaultConfigurationIsVisible = 0;
			defaultConfigurationName = Release;
		};
/* End XCConfigurationList section */
	};
	rootObject = 3A78F8B329CC0CED00C02C43 /* Project object */;
}
